
Microsoft Visual Studio Solution File, Format Version 12.00
# Visual Studio 14
VisualStudioVersion = 14.0.25420.1
MinimumVisualStudioVersion = 10.0.40219.1
Project("{FAE04EC0-301F-11D3-BF4B-00C04F79EFBC}") = "quantized-mesh-tile-cs", "src\quantized-mesh-tile-cs.csproj", "{6AD5FB82-A205-4059-90A7-D8081A504640}"
EndProject
Project("{FAE04EC0-301F-11D3-BF4B-00C04F79EFBC}") = "quantized-mesh-tile-cs.tests", "tests\quantized-mesh-tile-cs.tests\quantized-mesh-tile-cs.tests.csproj", "{BEA67283-2FAA-4E9B-8A92-92C2DC92EC0B}"
EndProject
Global
	GlobalSection(SolutionConfigurationPlatforms) = preSolution
		Debug|Any CPU = Debug|Any CPU
		Release|Any CPU = Release|Any CPU
	EndGlobalSection
	GlobalSection(ProjectConfigurationPlatforms) = postSolution
		{6AD5FB82-A205-4059-90A7-D8081A504640}.Debug|Any CPU.ActiveCfg = Debug|Any CPU
		{6AD5FB82-A205-4059-90A7-D8081A504640}.Debug|Any CPU.Build.0 = Debug|Any CPU
		{6AD5FB82-A205-4059-90A7-D8081A504640}.Release|Any CPU.ActiveCfg = Release|Any CPU
		{6AD5FB82-A205-4059-90A7-D8081A504640}.Release|Any CPU.Build.0 = Release|Any CPU
		{BEA67283-2FAA-4E9B-8A92-92C2DC92EC0B}.Debug|Any CPU.ActiveCfg = Debug|Any CPU
		{BEA67283-2FAA-4E9B-8A92-92C2DC92EC0B}.Debug|Any CPU.Build.0 = Debug|Any CPU
		{BEA67283-2FAA-4E9B-8A92-92C2DC92EC0B}.Release|Any CPU.ActiveCfg = Release|Any CPU
		{BEA67283-2FAA-4E9B-8A92-92C2DC92EC0B}.Release|Any CPU.Build.0 = Release|Any CPU
	EndGlobalSection
	GlobalSection(SolutionProperties) = preSolution
		HideSolutionNode = FALSE
	EndGlobalSection
EndGlobal
